
Microsoft Visual Studio Solution File, Format Version 12.00
# Visual Studio Version 17
VisualStudioVersion = 17.1.32421.90
MinimumVisualStudioVersion = 10.0.40219.1
Project("{2150E333-8FDC-42A3-9474-1A3956D46DE8}") = "Shared", "Shared", "{7E6BE069-35D3-4D88-BA6A-A30528F33054}"
EndProject
Project("{2150E333-8FDC-42A3-9474-1A3956D46DE8}") = "Domains", "Domains", "{D7841D79-8FF0-4877-A768-F4DCE3AB286D}"
EndProject
Project("{2150E333-8FDC-42A3-9474-1A3956D46DE8}") = "Account", "Account", "{C780F70A-EE62-459F-BF6D-3F6879C7CE6E}"
EndProject
Project("{2150E333-8FDC-42A3-9474-1A3956D46DE8}") = "Faculties", "Faculties", "{C18FDCBF-A4B4-49D4-BE46-FA1A8341515F}"
EndProject
Project("{2150E333-8FDC-42A3-9474-1A3956D46DE8}") = "Residences", "Residences", "{8245E1E0-4387-49D6-83A4-617139EA59C4}"
EndProject
Project("{9A19103F-16F7-4668-BE54-9A1E7A4F7556}") = "UniversityHostel.Client", "src\Client\UniversityHostel.Client.csproj", "{0559A602-28C6-40BB-9BE7-273A8D6BD7CB}"
EndProject
Project("{9A19103F-16F7-4668-BE54-9A1E7A4F7556}") = "UniversityHostel.Server", "src\Server\UniversityHostel.Server.csproj", "{DEF44B3C-F9A3-4D09-94F0-89BE8CFA57E6}"
EndProject
Project("{9A19103F-16F7-4668-BE54-9A1E7A4F7556}") = "StateLog.AspNetCore", "src\Shared\StateLog.AspNetCore\StateLog.AspNetCore.csproj", "{BD9203DD-05DC-4ECF-B1E5-78C21688AE19}"
EndProject
Project("{9A19103F-16F7-4668-BE54-9A1E7A4F7556}") = "UniversityHostel.Shared", "src\Shared\UniversityHostel.Shared\UniversityHostel.Shared.csproj", "{23DF0EC7-9657-4C17-8FE3-AA3A243440BE}"
EndProject
Project("{9A19103F-16F7-4668-BE54-9A1E7A4F7556}") = "UniversityHostel.SharedClient", "src\Shared\UniversityHostel.SharedClient\UniversityHostel.SharedClient.csproj", "{05391766-D10B-463D-87EC-F334A46FB830}"
EndProject
Project("{9A19103F-16F7-4668-BE54-9A1E7A4F7556}") = "UniversityHostel.Shared.Server", "src\Shared\UniversityHostel.SharedServer\UniversityHostel.Shared.Server.csproj", "{4ED2EF7F-151B-4D6B-BDD2-37670FC37704}"
EndProject
Project("{9A19103F-16F7-4668-BE54-9A1E7A4F7556}") = "Account.Client", "src\Domains\Account\Account.Client\Account.Client.csproj", "{9265E0BC-A0B5-47E1-8081-6DB2A0B7C036}"
EndProject
Project("{9A19103F-16F7-4668-BE54-9A1E7A4F7556}") = "Account.Server", "src\Domains\Account\Account.Server\Account.Server.csproj", "{5D29CE4F-EAE5-4124-BF02-61A2B52E14B5}"
EndProject
Project("{9A19103F-16F7-4668-BE54-9A1E7A4F7556}") = "Account.Shared", "src\Domains\Account\Account.Shared\Account.Shared.csproj", "{98BAF956-3337-40AA-926D-1213F7E973D5}"
EndProject
Project("{9A19103F-16F7-4668-BE54-9A1E7A4F7556}") = "Faculties.Shared", "src\Domains\Faculties\Faculties.Shared\Faculties.Shared.csproj", "{EDEBEC8A-4B99-490A-B863-924F613AA42C}"
EndProject
Project("{9A19103F-16F7-4668-BE54-9A1E7A4F7556}") = "Faculties.Server", "src\Domains\Faculties\Faculties.Server\Faculties.Server.csproj", "{A6C23087-2CE2-46CC-B7EC-F7243270D63F}"
EndProject
Project("{9A19103F-16F7-4668-BE54-9A1E7A4F7556}") = "Faculties.Client", "src\Domains\Faculties\Faculties.Client\Faculties.Client.csproj", "{F642F7C6-F659-4634-9DAE-96799E004371}"
EndProject
Project("{9A19103F-16F7-4668-BE54-9A1E7A4F7556}") = "Residences.Shared", "src\Domains\Residences\Residences.Shared\Residences.Shared.csproj", "{EFBF5274-09A3-4A89-94F4-5B0BDB62AFE0}"
EndProject
Project("{9A19103F-16F7-4668-BE54-9A1E7A4F7556}") = "Residences.Server", "src\Domains\Residences\Residences.Server\Residences.Server.csproj", "{7AC851C0-A78B-4D19-AC2D-8190A28DB0CF}"
EndProject
Project("{9A19103F-16F7-4668-BE54-9A1E7A4F7556}") = "Residences.Client", "src\Domains\Residences\Residences.Client\Residences.Client.csproj", "{313BC842-A7CC-40A2-A253-A16A9E9ED694}"
EndProject
Project("{2150E333-8FDC-42A3-9474-1A3956D46DE8}") = "Cities", "Cities", "{E5B0ACBD-B066-47F9-9AB6-DFE46FB3F432}"
EndProject
Project("{9A19103F-16F7-4668-BE54-9A1E7A4F7556}") = "Cities.Shared", "src\Domains\Cities\Cities.Shared\Cities.Shared.csproj", "{0AAD4566-70E2-491B-B4F6-DD613B48AD16}"
EndProject
Project("{9A19103F-16F7-4668-BE54-9A1E7A4F7556}") = "Cities.Server", "src\Domains\Cities\Cities.Server\Cities.Server.csproj", "{742A7089-FA4E-426C-B593-A966945A1523}"
EndProject
Project("{9A19103F-16F7-4668-BE54-9A1E7A4F7556}") = "Cities.Client", "src\Domains\Cities\Cities.Client\Cities.Client.csproj", "{4151E9FF-FC8D-448F-A1D7-6802DCF7D1AD}"
EndProject
Project("{2150E333-8FDC-42A3-9474-1A3956D46DE8}") = "Applications", "Applications", "{F9794ED3-863A-4F77-B588-4A8C2BC02CE4}"
EndProject
Project("{2150E333-8FDC-42A3-9474-1A3956D46DE8}") = "Applications", "Applications", "{BDEB99C9-029A-41A0-8BEE-306A861D456C}"
EndProject
Project("{9A19103F-16F7-4668-BE54-9A1E7A4F7556}") = "Applications.Server", "src\Domains\Applications\Applications\Applications.Server\Applications.Server.csproj", "{9E255C5F-527E-4770-BDAD-CF49A3E4B1E1}"
EndProject
Project("{9A19103F-16F7-4668-BE54-9A1E7A4F7556}") = "Applications.Shared", "src\Domains\Applications\Applications\Applications.Shared\Applications.Shared.csproj", "{8D818D8E-1D7B-4F1E-AB53-CEBFBC13B5E0}"
EndProject
Project("{2150E333-8FDC-42A3-9474-1A3956D46DE8}") = "Payments", "Payments", "{29638F7C-5F36-46CD-AE29-721A5C371B59}"
EndProject
Project("{2150E333-8FDC-42A3-9474-1A3956D46DE8}") = "BasicInformation", "BasicInformation", "{F579088C-7B59-4081-B4DF-7294AD4B8244}"
EndProject
Project("{9A19103F-16F7-4668-BE54-9A1E7A4F7556}") = "BasicInformation.Server", "src\Domains\Applications\BasicInformations\BasicInformations.Server\BasicInformation.Server.csproj", "{3DBBF910-C239-46A9-B78B-56C921A55634}"
EndProject
Project("{2150E333-8FDC-42A3-9474-1A3956D46DE8}") = "Documents", "Documents", "{4F8E6270-FA8F-4CE5-B9BF-A57F220166C2}"
EndProject
Project("{9A19103F-16F7-4668-BE54-9A1E7A4F7556}") = "Documents.Server", "src\Domains\Applications\Documents\Documents.Server\Documents.Server.csproj", "{EAAA1ABC-1640-4B74-9EAD-E57429FDDA2F}"
EndProject
Project("{9A19103F-16F7-4668-BE54-9A1E7A4F7556}") = "Payments.Shared", "src\Domains\Payments\Payments.Shared\Payments.Shared.csproj", "{CFAEAE2A-D9B2-4401-94A9-99B824415407}"
EndProject
Project("{9A19103F-16F7-4668-BE54-9A1E7A4F7556}") = "Payments.Server", "src\Domains\Payments\Payments.Server\Payments.Server.csproj", "{F2F72EE7-2E53-4D30-A851-0FA8A993741F}"
EndProject
Project("{9A19103F-16F7-4668-BE54-9A1E7A4F7556}") = "Payments.Client", "src\Domains\Payments\Payments.Client\Payments.Client.csproj", "{BEFFD869-0D39-4C77-8E92-8F6BA84A5C71}"
EndProject
Project("{9A19103F-16F7-4668-BE54-9A1E7A4F7556}") = "Applications.Client", "src\Domains\Applications\Applications\Applications.Client\Applications.Client.csproj", "{0A84925C-DAD6-4019-B58B-11B8468D3664}"
EndProject
Global
	GlobalSection(SolutionConfigurationPlatforms) = preSolution
		Debug|Any CPU = Debug|Any CPU
		Release|Any CPU = Release|Any CPU
	EndGlobalSection
	GlobalSection(ProjectConfigurationPlatforms) = postSolution
		{0559A602-28C6-40BB-9BE7-273A8D6BD7CB}.Debug|Any CPU.ActiveCfg = Debug|Any CPU
		{0559A602-28C6-40BB-9BE7-273A8D6BD7CB}.Debug|Any CPU.Build.0 = Debug|Any CPU
		{0559A602-28C6-40BB-9BE7-273A8D6BD7CB}.Release|Any CPU.ActiveCfg = Release|Any CPU
		{0559A602-28C6-40BB-9BE7-273A8D6BD7CB}.Release|Any CPU.Build.0 = Release|Any CPU
		{DEF44B3C-F9A3-4D09-94F0-89BE8CFA57E6}.Debug|Any CPU.ActiveCfg = Debug|Any CPU
		{DEF44B3C-F9A3-4D09-94F0-89BE8CFA57E6}.Debug|Any CPU.Build.0 = Debug|Any CPU
		{DEF44B3C-F9A3-4D09-94F0-89BE8CFA57E6}.Release|Any CPU.ActiveCfg = Release|Any CPU
		{DEF44B3C-F9A3-4D09-94F0-89BE8CFA57E6}.Release|Any CPU.Build.0 = Release|Any CPU
		{BD9203DD-05DC-4ECF-B1E5-78C21688AE19}.Debug|Any CPU.ActiveCfg = Debug|Any CPU
		{BD9203DD-05DC-4ECF-B1E5-78C21688AE19}.Debug|Any CPU.Build.0 = Debug|Any CPU
		{BD9203DD-05DC-4ECF-B1E5-78C21688AE19}.Release|Any CPU.ActiveCfg = Release|Any CPU
		{BD9203DD-05DC-4ECF-B1E5-78C21688AE19}.Release|Any CPU.Build.0 = Release|Any CPU
		{23DF0EC7-9657-4C17-8FE3-AA3A243440BE}.Debug|Any CPU.ActiveCfg = Debug|Any CPU
		{23DF0EC7-9657-4C17-8FE3-AA3A243440BE}.Debug|Any CPU.Build.0 = Debug|Any CPU
		{23DF0EC7-9657-4C17-8FE3-AA3A243440BE}.Release|Any CPU.ActiveCfg = Release|Any CPU
		{23DF0EC7-9657-4C17-8FE3-AA3A243440BE}.Release|Any CPU.Build.0 = Release|Any CPU
		{05391766-D10B-463D-87EC-F334A46FB830}.Debug|Any CPU.ActiveCfg = Debug|Any CPU
		{05391766-D10B-463D-87EC-F334A46FB830}.Debug|Any CPU.Build.0 = Debug|Any CPU
		{05391766-D10B-463D-87EC-F334A46FB830}.Release|Any CPU.ActiveCfg = Release|Any CPU
		{05391766-D10B-463D-87EC-F334A46FB830}.Release|Any CPU.Build.0 = Release|Any CPU
		{4ED2EF7F-151B-4D6B-BDD2-37670FC37704}.Debug|Any CPU.ActiveCfg = Debug|Any CPU
		{4ED2EF7F-151B-4D6B-BDD2-37670FC37704}.Debug|Any CPU.Build.0 = Debug|Any CPU
		{4ED2EF7F-151B-4D6B-BDD2-37670FC37704}.Release|Any CPU.ActiveCfg = Release|Any CPU
		{4ED2EF7F-151B-4D6B-BDD2-37670FC37704}.Release|Any CPU.Build.0 = Release|Any CPU
		{9265E0BC-A0B5-47E1-8081-6DB2A0B7C036}.Debug|Any CPU.ActiveCfg = Debug|Any CPU
		{9265E0BC-A0B5-47E1-8081-6DB2A0B7C036}.Debug|Any CPU.Build.0 = Debug|Any CPU
		{9265E0BC-A0B5-47E1-8081-6DB2A0B7C036}.Release|Any CPU.ActiveCfg = Release|Any CPU
		{9265E0BC-A0B5-47E1-8081-6DB2A0B7C036}.Release|Any CPU.Build.0 = Release|Any CPU
		{5D29CE4F-EAE5-4124-BF02-61A2B52E14B5}.Debug|Any CPU.ActiveCfg = Debug|Any CPU
		{5D29CE4F-EAE5-4124-BF02-61A2B52E14B5}.Debug|Any CPU.Build.0 = Debug|Any CPU
		{5D29CE4F-EAE5-4124-BF02-61A2B52E14B5}.Release|Any CPU.ActiveCfg = Release|Any CPU
		{5D29CE4F-EAE5-4124-BF02-61A2B52E14B5}.Release|Any CPU.Build.0 = Release|Any CPU
		{98BAF956-3337-40AA-926D-1213F7E973D5}.Debug|Any CPU.ActiveCfg = Debug|Any CPU
		{98BAF956-3337-40AA-926D-1213F7E973D5}.Debug|Any CPU.Build.0 = Debug|Any CPU
		{98BAF956-3337-40AA-926D-1213F7E973D5}.Release|Any CPU.ActiveCfg = Release|Any CPU
		{98BAF956-3337-40AA-926D-1213F7E973D5}.Release|Any CPU.Build.0 = Release|Any CPU
		{EDEBEC8A-4B99-490A-B863-924F613AA42C}.Debug|Any CPU.ActiveCfg = Debug|Any CPU
		{EDEBEC8A-4B99-490A-B863-924F613AA42C}.Debug|Any CPU.Build.0 = Debug|Any CPU
		{EDEBEC8A-4B99-490A-B863-924F613AA42C}.Release|Any CPU.ActiveCfg = Release|Any CPU
		{EDEBEC8A-4B99-490A-B863-924F613AA42C}.Release|Any CPU.Build.0 = Release|Any CPU
		{A6C23087-2CE2-46CC-B7EC-F7243270D63F}.Debug|Any CPU.ActiveCfg = Debug|Any CPU
		{A6C23087-2CE2-46CC-B7EC-F7243270D63F}.Debug|Any CPU.Build.0 = Debug|Any CPU
		{A6C23087-2CE2-46CC-B7EC-F7243270D63F}.Release|Any CPU.ActiveCfg = Release|Any CPU
		{A6C23087-2CE2-46CC-B7EC-F7243270D63F}.Release|Any CPU.Build.0 = Release|Any CPU
		{F642F7C6-F659-4634-9DAE-96799E004371}.Debug|Any CPU.ActiveCfg = Debug|Any CPU
		{F642F7C6-F659-4634-9DAE-96799E004371}.Debug|Any CPU.Build.0 = Debug|Any CPU
		{F642F7C6-F659-4634-9DAE-96799E004371}.Release|Any CPU.ActiveCfg = Release|Any CPU
		{F642F7C6-F659-4634-9DAE-96799E004371}.Release|Any CPU.Build.0 = Release|Any CPU
		{EFBF5274-09A3-4A89-94F4-5B0BDB62AFE0}.Debug|Any CPU.ActiveCfg = Debug|Any CPU
		{EFBF5274-09A3-4A89-94F4-5B0BDB62AFE0}.Debug|Any CPU.Build.0 = Debug|Any CPU
		{EFBF5274-09A3-4A89-94F4-5B0BDB62AFE0}.Release|Any CPU.ActiveCfg = Release|Any CPU
		{EFBF5274-09A3-4A89-94F4-5B0BDB62AFE0}.Release|Any CPU.Build.0 = Release|Any CPU
		{7AC851C0-A78B-4D19-AC2D-8190A28DB0CF}.Debug|Any CPU.ActiveCfg = Debug|Any CPU
		{7AC851C0-A78B-4D19-AC2D-8190A28DB0CF}.Debug|Any CPU.Build.0 = Debug|Any CPU
		{7AC851C0-A78B-4D19-AC2D-8190A28DB0CF}.Release|Any CPU.ActiveCfg = Release|Any CPU
		{7AC851C0-A78B-4D19-AC2D-8190A28DB0CF}.Release|Any CPU.Build.0 = Release|Any CPU
		{313BC842-A7CC-40A2-A253-A16A9E9ED694}.Debug|Any CPU.ActiveCfg = Debug|Any CPU
		{313BC842-A7CC-40A2-A253-A16A9E9ED694}.Debug|Any CPU.Build.0 = Debug|Any CPU
		{313BC842-A7CC-40A2-A253-A16A9E9ED694}.Release|Any CPU.ActiveCfg = Release|Any CPU
		{313BC842-A7CC-40A2-A253-A16A9E9ED694}.Release|Any CPU.Build.0 = Release|Any CPU
		{0AAD4566-70E2-491B-B4F6-DD613B48AD16}.Debug|Any CPU.ActiveCfg = Debug|Any CPU
		{0AAD4566-70E2-491B-B4F6-DD613B48AD16}.Debug|Any CPU.Build.0 = Debug|Any CPU
		{0AAD4566-70E2-491B-B4F6-DD613B48AD16}.Release|Any CPU.ActiveCfg = Release|Any CPU
		{0AAD4566-70E2-491B-B4F6-DD613B48AD16}.Release|Any CPU.Build.0 = Release|Any CPU
		{742A7089-FA4E-426C-B593-A966945A1523}.Debug|Any CPU.ActiveCfg = Debug|Any CPU
		{742A7089-FA4E-426C-B593-A966945A1523}.Debug|Any CPU.Build.0 = Debug|Any CPU
		{742A7089-FA4E-426C-B593-A966945A1523}.Release|Any CPU.ActiveCfg = Release|Any CPU
		{742A7089-FA4E-426C-B593-A966945A1523}.Release|Any CPU.Build.0 = Release|Any CPU
		{4151E9FF-FC8D-448F-A1D7-6802DCF7D1AD}.Debug|Any CPU.ActiveCfg = Debug|Any CPU
		{4151E9FF-FC8D-448F-A1D7-6802DCF7D1AD}.Debug|Any CPU.Build.0 = Debug|Any CPU
		{4151E9FF-FC8D-448F-A1D7-6802DCF7D1AD}.Release|Any CPU.ActiveCfg = Release|Any CPU
		{4151E9FF-FC8D-448F-A1D7-6802DCF7D1AD}.Release|Any CPU.Build.0 = Release|Any CPU
		{9E255C5F-527E-4770-BDAD-CF49A3E4B1E1}.Debug|Any CPU.ActiveCfg = Debug|Any CPU
		{9E255C5F-527E-4770-BDAD-CF49A3E4B1E1}.Debug|Any CPU.Build.0 = Debug|Any CPU
		{9E255C5F-527E-4770-BDAD-CF49A3E4B1E1}.Release|Any CPU.ActiveCfg = Release|Any CPU
		{9E255C5F-527E-4770-BDAD-CF49A3E4B1E1}.Release|Any CPU.Build.0 = Release|Any CPU
		{8D818D8E-1D7B-4F1E-AB53-CEBFBC13B5E0}.Debug|Any CPU.ActiveCfg = Debug|Any CPU
		{8D818D8E-1D7B-4F1E-AB53-CEBFBC13B5E0}.Debug|Any CPU.Build.0 = Debug|Any CPU
		{8D818D8E-1D7B-4F1E-AB53-CEBFBC13B5E0}.Release|Any CPU.ActiveCfg = Release|Any CPU
		{8D818D8E-1D7B-4F1E-AB53-CEBFBC13B5E0}.Release|Any CPU.Build.0 = Release|Any CPU
		{3DBBF910-C239-46A9-B78B-56C921A55634}.Debug|Any CPU.ActiveCfg = Debug|Any CPU
		{3DBBF910-C239-46A9-B78B-56C921A55634}.Debug|Any CPU.Build.0 = Debug|Any CPU
		{3DBBF910-C239-46A9-B78B-56C921A55634}.Release|Any CPU.ActiveCfg = Release|Any CPU
		{3DBBF910-C239-46A9-B78B-56C921A55634}.Release|Any CPU.Build.0 = Release|Any CPU
		{EAAA1ABC-1640-4B74-9EAD-E57429FDDA2F}.Debug|Any CPU.ActiveCfg = Debug|Any CPU
		{EAAA1ABC-1640-4B74-9EAD-E57429FDDA2F}.Debug|Any CPU.Build.0 = Debug|Any CPU
		{EAAA1ABC-1640-4B74-9EAD-E57429FDDA2F}.Release|Any CPU.ActiveCfg = Release|Any CPU
		{EAAA1ABC-1640-4B74-9EAD-E57429FDDA2F}.Release|Any CPU.Build.0 = Release|Any CPU
		{CFAEAE2A-D9B2-4401-94A9-99B824415407}.Debug|Any CPU.ActiveCfg = Debug|Any CPU
		{CFAEAE2A-D9B2-4401-94A9-99B824415407}.Debug|Any CPU.Build.0 = Debug|Any CPU
		{CFAEAE2A-D9B2-4401-94A9-99B824415407}.Release|Any CPU.ActiveCfg = Release|Any CPU
		{CFAEAE2A-D9B2-4401-94A9-99B824415407}.Release|Any CPU.Build.0 = Release|Any CPU
		{F2F72EE7-2E53-4D30-A851-0FA8A993741F}.Debug|Any CPU.ActiveCfg = Debug|Any CPU
		{F2F72EE7-2E53-4D30-A851-0FA8A993741F}.Debug|Any CPU.Build.0 = Debug|Any CPU
		{F2F72EE7-2E53-4D30-A851-0FA8A993741F}.Release|Any CPU.ActiveCfg = Release|Any CPU
		{F2F72EE7-2E53-4D30-A851-0FA8A993741F}.Release|Any CPU.Build.0 = Release|Any CPU
		{BEFFD869-0D39-4C77-8E92-8F6BA84A5C71}.Debug|Any CPU.ActiveCfg = Debug|Any CPU
		{BEFFD869-0D39-4C77-8E92-8F6BA84A5C71}.Debug|Any CPU.Build.0 = Debug|Any CPU
		{BEFFD869-0D39-4C77-8E92-8F6BA84A5C71}.Release|Any CPU.ActiveCfg = Release|Any CPU
		{BEFFD869-0D39-4C77-8E92-8F6BA84A5C71}.Release|Any CPU.Build.0 = Release|Any CPU
		{0A84925C-DAD6-4019-B58B-11B8468D3664}.Debug|Any CPU.ActiveCfg = Debug|Any CPU
		{0A84925C-DAD6-4019-B58B-11B8468D3664}.Debug|Any CPU.Build.0 = Debug|Any CPU
		{0A84925C-DAD6-4019-B58B-11B8468D3664}.Release|Any CPU.ActiveCfg = Release|Any CPU
		{0A84925C-DAD6-4019-B58B-11B8468D3664}.Release|Any CPU.Build.0 = Release|Any CPU
	EndGlobalSection
	GlobalSection(SolutionProperties) = preSolution
		HideSolutionNode = FALSE
	EndGlobalSection
	GlobalSection(NestedProjects) = preSolution
		{C780F70A-EE62-459F-BF6D-3F6879C7CE6E} = {D7841D79-8FF0-4877-A768-F4DCE3AB286D}
		{C18FDCBF-A4B4-49D4-BE46-FA1A8341515F} = {D7841D79-8FF0-4877-A768-F4DCE3AB286D}
		{8245E1E0-4387-49D6-83A4-617139EA59C4} = {D7841D79-8FF0-4877-A768-F4DCE3AB286D}
		{BD9203DD-05DC-4ECF-B1E5-78C21688AE19} = {7E6BE069-35D3-4D88-BA6A-A30528F33054}
		{23DF0EC7-9657-4C17-8FE3-AA3A243440BE} = {7E6BE069-35D3-4D88-BA6A-A30528F33054}
		{05391766-D10B-463D-87EC-F334A46FB830} = {7E6BE069-35D3-4D88-BA6A-A30528F33054}
		{4ED2EF7F-151B-4D6B-BDD2-37670FC37704} = {7E6BE069-35D3-4D88-BA6A-A30528F33054}
		{9265E0BC-A0B5-47E1-8081-6DB2A0B7C036} = {C780F70A-EE62-459F-BF6D-3F6879C7CE6E}
		{5D29CE4F-EAE5-4124-BF02-61A2B52E14B5} = {C780F70A-EE62-459F-BF6D-3F6879C7CE6E}
		{98BAF956-3337-40AA-926D-1213F7E973D5} = {C780F70A-EE62-459F-BF6D-3F6879C7CE6E}
		{EDEBEC8A-4B99-490A-B863-924F613AA42C} = {C18FDCBF-A4B4-49D4-BE46-FA1A8341515F}
		{A6C23087-2CE2-46CC-B7EC-F7243270D63F} = {C18FDCBF-A4B4-49D4-BE46-FA1A8341515F}
		{F642F7C6-F659-4634-9DAE-96799E004371} = {C18FDCBF-A4B4-49D4-BE46-FA1A8341515F}
		{EFBF5274-09A3-4A89-94F4-5B0BDB62AFE0} = {8245E1E0-4387-49D6-83A4-617139EA59C4}
		{7AC851C0-A78B-4D19-AC2D-8190A28DB0CF} = {8245E1E0-4387-49D6-83A4-617139EA59C4}
		{313BC842-A7CC-40A2-A253-A16A9E9ED694} = {8245E1E0-4387-49D6-83A4-617139EA59C4}
		{E5B0ACBD-B066-47F9-9AB6-DFE46FB3F432} = {D7841D79-8FF0-4877-A768-F4DCE3AB286D}
		{0AAD4566-70E2-491B-B4F6-DD613B48AD16} = {E5B0ACBD-B066-47F9-9AB6-DFE46FB3F432}
		{742A7089-FA4E-426C-B593-A966945A1523} = {E5B0ACBD-B066-47F9-9AB6-DFE46FB3F432}
		{4151E9FF-FC8D-448F-A1D7-6802DCF7D1AD} = {E5B0ACBD-B066-47F9-9AB6-DFE46FB3F432}
		{F9794ED3-863A-4F77-B588-4A8C2BC02CE4} = {D7841D79-8FF0-4877-A768-F4DCE3AB286D}
		{BDEB99C9-029A-41A0-8BEE-306A861D456C} = {F9794ED3-863A-4F77-B588-4A8C2BC02CE4}
		{9E255C5F-527E-4770-BDAD-CF49A3E4B1E1} = {BDEB99C9-029A-41A0-8BEE-306A861D456C}
		{8D818D8E-1D7B-4F1E-AB53-CEBFBC13B5E0} = {BDEB99C9-029A-41A0-8BEE-306A861D456C}
		{29638F7C-5F36-46CD-AE29-721A5C371B59} = {D7841D79-8FF0-4877-A768-F4DCE3AB286D}
		{F579088C-7B59-4081-B4DF-7294AD4B8244} = {F9794ED3-863A-4F77-B588-4A8C2BC02CE4}
		{3DBBF910-C239-46A9-B78B-56C921A55634} = {F579088C-7B59-4081-B4DF-7294AD4B8244}
		{4F8E6270-FA8F-4CE5-B9BF-A57F220166C2} = {F9794ED3-863A-4F77-B588-4A8C2BC02CE4}
		{EAAA1ABC-1640-4B74-9EAD-E57429FDDA2F} = {4F8E6270-FA8F-4CE5-B9BF-A57F220166C2}
		{CFAEAE2A-D9B2-4401-94A9-99B824415407} = {29638F7C-5F36-46CD-AE29-721A5C371B59}
		{F2F72EE7-2E53-4D30-A851-0FA8A993741F} = {29638F7C-5F36-46CD-AE29-721A5C371B59}
		{BEFFD869-0D39-4C77-8E92-8F6BA84A5C71} = {29638F7C-5F36-46CD-AE29-721A5C371B59}
		{0A84925C-DAD6-4019-B58B-11B8468D3664} = {BDEB99C9-029A-41A0-8BEE-306A861D456C}
	EndGlobalSection
	GlobalSection(ExtensibilityGlobals) = postSolution
		SolutionGuid = {C0BD205F-748F-4049-82DA-74698AC8645D}
	EndGlobalSection
EndGlobal
